
Microsoft Visual Studio Solution File, Format Version 12.00
# Visual Studio Version 17
VisualStudioVersion = 17.4.33205.214
MinimumVisualStudioVersion = 10.0.40219.1
Project("{FAE04EC0-301F-11D3-BF4B-00C04F79EFBC}") = "Calculadora", "Calculadora\Calculadora.csproj", "{1F619133-BBD6-482E-973D-07DCE8E9399E}"
EndProject
Global
	GlobalSection(SolutionConfigurationPlatforms) = preSolution
		Debug|Any CPU = Debug|Any CPU
		Release|Any CPU = Release|Any CPU
	EndGlobalSection
	GlobalSection(ProjectConfigurationPlatforms) = postSolution
		{1F619133-BBD6-482E-973D-07DCE8E9399E}.Debug|Any CPU.ActiveCfg = Debug|Any CPU
		{1F619133-BBD6-482E-973D-07DCE8E9399E}.Debug|Any CPU.Build.0 = Debug|Any CPU
		{1F619133-BBD6-482E-973D-07DCE8E9399E}.Release|Any CPU.ActiveCfg = Release|Any CPU
		{1F619133-BBD6-482E-973D-07DCE8E9399E}.Release|Any CPU.Build.0 = Release|Any CPU
	EndGlobalSection
	GlobalSection(SolutionProperties) = preSolution
		HideSolutionNode = FALSE
	EndGlobalSection
	GlobalSection(ExtensibilityGlobals) = postSolution
		SolutionGuid = {B7B34486-38A5-4EA3-8676-D2EFE3E65BE2}
	EndGlobalSection
EndGlobal
